
Microsoft Visual Studio Solution File, Format Version 12.00
# Visual Studio Version 16
VisualStudioVersion = 16.0.29613.14
MinimumVisualStudioVersion = 10.0.40219.1
Project("{9A19103F-16F7-4668-BE54-9A1E7A4F7556}") = "WorkerServer", "WorkerServer\WorkerServer.csproj", "{221B4B0C-7265-4E9B-9E74-D26815DFDF64}"
EndProject
Project("{9A19103F-16F7-4668-BE54-9A1E7A4F7556}") = "LogHelper", "LogHelper\LogHelper.csproj", "{75AE8CF8-7D7A-40D0-9E9D-A989721F8FAA}"
EndProject
Project("{2150E333-8FDC-42A3-9474-1A3956D46DE8}") = "Solution Items", "Solution Items", "{5BF1857C-FED2-4474-BEEC-4D23BF866260}"
	ProjectSection(SolutionItems) = preProject
		generate-certs.bat = generate-certs.bat
		README.md = README.md
		start.ps1 = start.ps1
	EndProjectSection
EndProject
Project("{9A19103F-16F7-4668-BE54-9A1E7A4F7556}") = "BrokerServer", "BrokerServer\BrokerServer.csproj", "{235BACC7-68F4-47AE-AAB2-348D6B8E90C7}"
EndProject
Project("{9A19103F-16F7-4668-BE54-9A1E7A4F7556}") = "BrokerClient", "BrokerClient\BrokerClient.csproj", "{ECB520E4-243D-42A8-AA89-42C05B1AFED1}"
EndProject
Global
	GlobalSection(SolutionConfigurationPlatforms) = preSolution
		Debug|Any CPU = Debug|Any CPU
		Release|Any CPU = Release|Any CPU
	EndGlobalSection
	GlobalSection(ProjectConfigurationPlatforms) = postSolution
		{221B4B0C-7265-4E9B-9E74-D26815DFDF64}.Debug|Any CPU.ActiveCfg = Debug|Any CPU
		{221B4B0C-7265-4E9B-9E74-D26815DFDF64}.Debug|Any CPU.Build.0 = Debug|Any CPU
		{221B4B0C-7265-4E9B-9E74-D26815DFDF64}.Release|Any CPU.ActiveCfg = Release|Any CPU
		{221B4B0C-7265-4E9B-9E74-D26815DFDF64}.Release|Any CPU.Build.0 = Release|Any CPU
		{75AE8CF8-7D7A-40D0-9E9D-A989721F8FAA}.Debug|Any CPU.ActiveCfg = Debug|Any CPU
		{75AE8CF8-7D7A-40D0-9E9D-A989721F8FAA}.Debug|Any CPU.Build.0 = Debug|Any CPU
		{75AE8CF8-7D7A-40D0-9E9D-A989721F8FAA}.Release|Any CPU.ActiveCfg = Release|Any CPU
		{75AE8CF8-7D7A-40D0-9E9D-A989721F8FAA}.Release|Any CPU.Build.0 = Release|Any CPU
		{235BACC7-68F4-47AE-AAB2-348D6B8E90C7}.Debug|Any CPU.ActiveCfg = Debug|Any CPU
		{235BACC7-68F4-47AE-AAB2-348D6B8E90C7}.Debug|Any CPU.Build.0 = Debug|Any CPU
		{235BACC7-68F4-47AE-AAB2-348D6B8E90C7}.Release|Any CPU.ActiveCfg = Release|Any CPU
		{235BACC7-68F4-47AE-AAB2-348D6B8E90C7}.Release|Any CPU.Build.0 = Release|Any CPU
		{ECB520E4-243D-42A8-AA89-42C05B1AFED1}.Debug|Any CPU.ActiveCfg = Debug|Any CPU
		{ECB520E4-243D-42A8-AA89-42C05B1AFED1}.Debug|Any CPU.Build.0 = Debug|Any CPU
		{ECB520E4-243D-42A8-AA89-42C05B1AFED1}.Release|Any CPU.ActiveCfg = Release|Any CPU
		{ECB520E4-243D-42A8-AA89-42C05B1AFED1}.Release|Any CPU.Build.0 = Release|Any CPU
	EndGlobalSection
	GlobalSection(SolutionProperties) = preSolution
		HideSolutionNode = FALSE
	EndGlobalSection
	GlobalSection(ExtensibilityGlobals) = postSolution
		SolutionGuid = {98C42606-0FFB-4575-9504-FBDDDAF26224}
	EndGlobalSection
EndGlobal
